
Microsoft Visual Studio Solution File, Format Version 12.00
# Visual Studio 15
VisualStudioVersion = 15.0.27004.2005
MinimumVisualStudioVersion = 10.0.40219.1
Project("{FAE04EC0-301F-11D3-BF4B-00C04F79EFBC}") = "restaurantRater", "restaurantRater\restaurantRater.csproj", "{A4341630-235F-45E9-94D3-36EF4F5A7526}"
EndProject
Global
	GlobalSection(SolutionConfigurationPlatforms) = preSolution
		Debug|Any CPU = Debug|Any CPU
		Release|Any CPU = Release|Any CPU
	EndGlobalSection
	GlobalSection(ProjectConfigurationPlatforms) = postSolution
		{A4341630-235F-45E9-94D3-36EF4F5A7526}.Debug|Any CPU.ActiveCfg = Debug|Any CPU
		{A4341630-235F-45E9-94D3-36EF4F5A7526}.Debug|Any CPU.Build.0 = Debug|Any CPU
		{A4341630-235F-45E9-94D3-36EF4F5A7526}.Release|Any CPU.ActiveCfg = Release|Any CPU
		{A4341630-235F-45E9-94D3-36EF4F5A7526}.Release|Any CPU.Build.0 = Release|Any CPU
	EndGlobalSection
	GlobalSection(SolutionProperties) = preSolution
		HideSolutionNode = FALSE
	EndGlobalSection
	GlobalSection(ExtensibilityGlobals) = postSolution
		SolutionGuid = {80FD6692-7221-48DD-950D-2D83C644B33B}
	EndGlobalSection
EndGlobal
